
Microsoft Visual Studio Solution File, Format Version 12.00
# Visual Studio 2013
VisualStudioVersion = 12.0.30110.0
MinimumVisualStudioVersion = 10.0.40219.1
Project("{FAE04EC0-301F-11D3-BF4B-00C04F79EFBC}") = "LangInformant.Domain", "LangInformant.Domain\LangInformant.Domain.csproj", "{80A5970C-CEB6-42C8-97A2-18BDCA8BCF38}"
EndProject
Project("{FAE04EC0-301F-11D3-BF4B-00C04F79EFBC}") = "LangInformant.WebUI", "LangInformant.WebUI\LangInformant.WebUI.csproj", "{C2549F6B-416B-4761-9854-4F615585017A}"
EndProject
Project("{FAE04EC0-301F-11D3-BF4B-00C04F79EFBC}") = "LangInformant.UnitTests", "LangInformant.UnitTests\LangInformant.UnitTests.csproj", "{482924C7-83B4-4CD8-9B4E-0DEAACDDE644}"
EndProject
Global
	GlobalSection(SolutionConfigurationPlatforms) = preSolution
		Debug|Any CPU = Debug|Any CPU
		Release|Any CPU = Release|Any CPU
	EndGlobalSection
	GlobalSection(ProjectConfigurationPlatforms) = postSolution
		{80A5970C-CEB6-42C8-97A2-18BDCA8BCF38}.Debug|Any CPU.ActiveCfg = Debug|Any CPU
		{80A5970C-CEB6-42C8-97A2-18BDCA8BCF38}.Debug|Any CPU.Build.0 = Debug|Any CPU
		{80A5970C-CEB6-42C8-97A2-18BDCA8BCF38}.Release|Any CPU.ActiveCfg = Release|Any CPU
		{80A5970C-CEB6-42C8-97A2-18BDCA8BCF38}.Release|Any CPU.Build.0 = Release|Any CPU
		{C2549F6B-416B-4761-9854-4F615585017A}.Debug|Any CPU.ActiveCfg = Debug|Any CPU
		{C2549F6B-416B-4761-9854-4F615585017A}.Debug|Any CPU.Build.0 = Debug|Any CPU
		{C2549F6B-416B-4761-9854-4F615585017A}.Release|Any CPU.ActiveCfg = Release|Any CPU
		{C2549F6B-416B-4761-9854-4F615585017A}.Release|Any CPU.Build.0 = Release|Any CPU
		{482924C7-83B4-4CD8-9B4E-0DEAACDDE644}.Debug|Any CPU.ActiveCfg = Debug|Any CPU
		{482924C7-83B4-4CD8-9B4E-0DEAACDDE644}.Debug|Any CPU.Build.0 = Debug|Any CPU
		{482924C7-83B4-4CD8-9B4E-0DEAACDDE644}.Release|Any CPU.ActiveCfg = Release|Any CPU
		{482924C7-83B4-4CD8-9B4E-0DEAACDDE644}.Release|Any CPU.Build.0 = Release|Any CPU
	EndGlobalSection
	GlobalSection(SolutionProperties) = preSolution
		HideSolutionNode = FALSE
	EndGlobalSection
EndGlobal
